
Microsoft Visual Studio Solution File, Format Version 12.00
# Visual Studio Version 17
VisualStudioVersion = 17.5.002.0
MinimumVisualStudioVersion = 10.0.40219.1
Project("{9A19103F-16F7-4668-BE54-9A1E7A4F7556}") = "IssueTracker.Dal", "IssueTracker.Dal\IssueTracker.Dal.csproj", "{724128B4-1C3E-4270-8C0D-3F759146E8B1}"
EndProject
Project("{9A19103F-16F7-4668-BE54-9A1E7A4F7556}") = "IssueTracker", "IssueTracker.Api\IssueTracker.csproj", "{9F81441F-586D-4A40-828C-ECB37259030B}"
EndProject
Global
	GlobalSection(SolutionConfigurationPlatforms) = preSolution
		Debug|Any CPU = Debug|Any CPU
		Release|Any CPU = Release|Any CPU
	EndGlobalSection
	GlobalSection(ProjectConfigurationPlatforms) = postSolution
		{724128B4-1C3E-4270-8C0D-3F759146E8B1}.Debug|Any CPU.ActiveCfg = Debug|Any CPU
		{724128B4-1C3E-4270-8C0D-3F759146E8B1}.Debug|Any CPU.Build.0 = Debug|Any CPU
		{724128B4-1C3E-4270-8C0D-3F759146E8B1}.Release|Any CPU.ActiveCfg = Release|Any CPU
		{724128B4-1C3E-4270-8C0D-3F759146E8B1}.Release|Any CPU.Build.0 = Release|Any CPU
		{9F81441F-586D-4A40-828C-ECB37259030B}.Debug|Any CPU.ActiveCfg = Debug|Any CPU
		{9F81441F-586D-4A40-828C-ECB37259030B}.Debug|Any CPU.Build.0 = Debug|Any CPU
		{9F81441F-586D-4A40-828C-ECB37259030B}.Release|Any CPU.ActiveCfg = Release|Any CPU
		{9F81441F-586D-4A40-828C-ECB37259030B}.Release|Any CPU.Build.0 = Release|Any CPU
	EndGlobalSection
	GlobalSection(SolutionProperties) = preSolution
		HideSolutionNode = FALSE
	EndGlobalSection
	GlobalSection(ExtensibilityGlobals) = postSolution
		SolutionGuid = {D61EB75F-C380-4195-937A-D275C1CF2D1F}
	EndGlobalSection
EndGlobal
